
Microsoft Visual Studio Solution File, Format Version 12.00
# Visual Studio Version 16
VisualStudioVersion = 16.0.29709.97
MinimumVisualStudioVersion = 10.0.40219.1
Project("{FAE04EC0-301F-11D3-BF4B-00C04F79EFBC}") = "KursyWalutzNBPClassLibrary", "KursyWalutzNBP\KursyWalutzNBPClassLibrary.csproj", "{844B3477-36D5-4062-A648-9C1AE57D7998}"
EndProject
Project("{FAE04EC0-301F-11D3-BF4B-00C04F79EFBC}") = "NBPConsoleApp", "NBPConsoleApp\NBPConsoleApp.csproj", "{BC7D1248-2D23-46D6-8532-57454753D610}"
EndProject
Global
	GlobalSection(SolutionConfigurationPlatforms) = preSolution
		Debug|Any CPU = Debug|Any CPU
		Release|Any CPU = Release|Any CPU
	EndGlobalSection
	GlobalSection(ProjectConfigurationPlatforms) = postSolution
		{844B3477-36D5-4062-A648-9C1AE57D7998}.Debug|Any CPU.ActiveCfg = Debug|Any CPU
		{844B3477-36D5-4062-A648-9C1AE57D7998}.Debug|Any CPU.Build.0 = Debug|Any CPU
		{844B3477-36D5-4062-A648-9C1AE57D7998}.Release|Any CPU.ActiveCfg = Release|Any CPU
		{844B3477-36D5-4062-A648-9C1AE57D7998}.Release|Any CPU.Build.0 = Release|Any CPU
		{BC7D1248-2D23-46D6-8532-57454753D610}.Debug|Any CPU.ActiveCfg = Debug|Any CPU
		{BC7D1248-2D23-46D6-8532-57454753D610}.Debug|Any CPU.Build.0 = Debug|Any CPU
		{BC7D1248-2D23-46D6-8532-57454753D610}.Release|Any CPU.ActiveCfg = Release|Any CPU
		{BC7D1248-2D23-46D6-8532-57454753D610}.Release|Any CPU.Build.0 = Release|Any CPU
	EndGlobalSection
	GlobalSection(SolutionProperties) = preSolution
		HideSolutionNode = FALSE
	EndGlobalSection
	GlobalSection(ExtensibilityGlobals) = postSolution
		SolutionGuid = {5734B659-5011-4966-A07E-C102220DD3DB}
	EndGlobalSection
EndGlobal
